
Microsoft Visual Studio Solution File, Format Version 12.00
# Visual Studio 2012
Project("{FAE04EC0-301F-11D3-BF4B-00C04F79EFBC}") = "CustomPresenter.Core", "CustomPresenter\CustomPresenter.Core\CustomPresenter.Core.csproj", "{60993AA9-6C28-49EC-BB38-3CE5DC3F3510}"
EndProject
Project("{FAE04EC0-301F-11D3-BF4B-00C04F79EFBC}") = "CustomPresenter.iOS", "CustomPresenter\CustomPresenter.iOS\CustomPresenter.iOS.csproj", "{0AC23C6A-BBF1-4F8E-97AF-CEC7323FA925}"
EndProject
Project("{FAE04EC0-301F-11D3-BF4B-00C04F79EFBC}") = "CustomPresenter.Android", "CustomPresenter\CustomPresenter.Android\CustomPresenter.Android.csproj", "{EB1CE06E-D6AB-4D0E-9CD4-E03729C6F60E}"
EndProject
Project("{FAE04EC0-301F-11D3-BF4B-00C04F79EFBC}") = "CustomPresenter.WinPhone", "CustomPresenter\CustomPresenter.WinPhone\CustomPresenter.WinPhone.csproj", "{8CC521E9-92DA-4CED-9694-478EE59D7DC9}"
EndProject
Project("{FAE04EC0-301F-11D3-BF4B-00C04F79EFBC}") = "CustomPresenter.WinRT", "CustomPresenter\CustomPresenter.WinRT\CustomPresenter.WinRT.csproj", "{19B20FFB-8AE2-44BC-B5C4-62E245D868A3}"
EndProject
Global
	GlobalSection(SolutionConfigurationPlatforms) = preSolution
		Ad-Hoc|Any CPU = Ad-Hoc|Any CPU
		Ad-Hoc|ARM = Ad-Hoc|ARM
		Ad-Hoc|iPhone = Ad-Hoc|iPhone
		Ad-Hoc|iPhoneSimulator = Ad-Hoc|iPhoneSimulator
		Ad-Hoc|Mixed Platforms = Ad-Hoc|Mixed Platforms
		Ad-Hoc|x64 = Ad-Hoc|x64
		Ad-Hoc|x86 = Ad-Hoc|x86
		AppStore|Any CPU = AppStore|Any CPU
		AppStore|ARM = AppStore|ARM
		AppStore|iPhone = AppStore|iPhone
		AppStore|iPhoneSimulator = AppStore|iPhoneSimulator
		AppStore|Mixed Platforms = AppStore|Mixed Platforms
		AppStore|x64 = AppStore|x64
		AppStore|x86 = AppStore|x86
		Debug|Any CPU = Debug|Any CPU
		Debug|ARM = Debug|ARM
		Debug|iPhone = Debug|iPhone
		Debug|iPhoneSimulator = Debug|iPhoneSimulator
		Debug|Mixed Platforms = Debug|Mixed Platforms
		Debug|x64 = Debug|x64
		Debug|x86 = Debug|x86
		Release|Any CPU = Release|Any CPU
		Release|ARM = Release|ARM
		Release|iPhone = Release|iPhone
		Release|iPhoneSimulator = Release|iPhoneSimulator
		Release|Mixed Platforms = Release|Mixed Platforms
		Release|x64 = Release|x64
		Release|x86 = Release|x86
	EndGlobalSection
	GlobalSection(ProjectConfigurationPlatforms) = postSolution
		{60993AA9-6C28-49EC-BB38-3CE5DC3F3510}.Ad-Hoc|Any CPU.ActiveCfg = Release|Any CPU
		{60993AA9-6C28-49EC-BB38-3CE5DC3F3510}.Ad-Hoc|Any CPU.Build.0 = Release|Any CPU
		{60993AA9-6C28-49EC-BB38-3CE5DC3F3510}.Ad-Hoc|ARM.ActiveCfg = Release|Any CPU
		{60993AA9-6C28-49EC-BB38-3CE5DC3F3510}.Ad-Hoc|iPhone.ActiveCfg = Release|Any CPU
		{60993AA9-6C28-49EC-BB38-3CE5DC3F3510}.Ad-Hoc|iPhoneSimulator.ActiveCfg = Release|Any CPU
		{60993AA9-6C28-49EC-BB38-3CE5DC3F3510}.Ad-Hoc|Mixed Platforms.ActiveCfg = Release|Any CPU
		{60993AA9-6C28-49EC-BB38-3CE5DC3F3510}.Ad-Hoc|Mixed Platforms.Build.0 = Release|Any CPU
		{60993AA9-6C28-49EC-BB38-3CE5DC3F3510}.Ad-Hoc|x64.ActiveCfg = Release|Any CPU
		{60993AA9-6C28-49EC-BB38-3CE5DC3F3510}.Ad-Hoc|x86.ActiveCfg = Release|Any CPU
		{60993AA9-6C28-49EC-BB38-3CE5DC3F3510}.AppStore|Any CPU.ActiveCfg = Release|Any CPU
		{60993AA9-6C28-49EC-BB38-3CE5DC3F3510}.AppStore|Any CPU.Build.0 = Release|Any CPU
		{60993AA9-6C28-49EC-BB38-3CE5DC3F3510}.AppStore|ARM.ActiveCfg = Release|Any CPU
		{60993AA9-6C28-49EC-BB38-3CE5DC3F3510}.AppStore|iPhone.ActiveCfg = Release|Any CPU
		{60993AA9-6C28-49EC-BB38-3CE5DC3F3510}.AppStore|iPhoneSimulator.ActiveCfg = Release|Any CPU
		{60993AA9-6C28-49EC-BB38-3CE5DC3F3510}.AppStore|Mixed Platforms.ActiveCfg = Release|Any CPU
		{60993AA9-6C28-49EC-BB38-3CE5DC3F3510}.AppStore|Mixed Platforms.Build.0 = Release|Any CPU
		{60993AA9-6C28-49EC-BB38-3CE5DC3F3510}.AppStore|x64.ActiveCfg = Release|Any CPU
		{60993AA9-6C28-49EC-BB38-3CE5DC3F3510}.AppStore|x86.ActiveCfg = Release|Any CPU
		{60993AA9-6C28-49EC-BB38-3CE5DC3F3510}.Debug|Any CPU.ActiveCfg = Debug|Any CPU
		{60993AA9-6C28-49EC-BB38-3CE5DC3F3510}.Debug|Any CPU.Build.0 = Debug|Any CPU
		{60993AA9-6C28-49EC-BB38-3CE5DC3F3510}.Debug|ARM.ActiveCfg = Debug|Any CPU
		{60993AA9-6C28-49EC-BB38-3CE5DC3F3510}.Debug|iPhone.ActiveCfg = Debug|Any CPU
		{60993AA9-6C28-49EC-BB38-3CE5DC3F3510}.Debug|iPhoneSimulator.ActiveCfg = Debug|Any CPU
		{60993AA9-6C28-49EC-BB38-3CE5DC3F3510}.Debug|Mixed Platforms.ActiveCfg = Debug|Any CPU
		{60993AA9-6C28-49EC-BB38-3CE5DC3F3510}.Debug|Mixed Platforms.Build.0 = Debug|Any CPU
		{60993AA9-6C28-49EC-BB38-3CE5DC3F3510}.Debug|x64.ActiveCfg = Debug|Any CPU
		{60993AA9-6C28-49EC-BB38-3CE5DC3F3510}.Debug|x86.ActiveCfg = Debug|Any CPU
		{60993AA9-6C28-49EC-BB38-3CE5DC3F3510}.Release|Any CPU.ActiveCfg = Release|Any CPU
		{60993AA9-6C28-49EC-BB38-3CE5DC3F3510}.Release|Any CPU.Build.0 = Release|Any CPU
		{60993AA9-6C28-49EC-BB38-3CE5DC3F3510}.Release|ARM.ActiveCfg = Release|Any CPU
		{60993AA9-6C28-49EC-BB38-3CE5DC3F3510}.Release|iPhone.ActiveCfg = Release|Any CPU
		{60993AA9-6C28-49EC-BB38-3CE5DC3F3510}.Release|iPhoneSimulator.ActiveCfg = Release|Any CPU
		{60993AA9-6C28-49EC-BB38-3CE5DC3F3510}.Release|Mixed Platforms.ActiveCfg = Release|Any CPU
		{60993AA9-6C28-49EC-BB38-3CE5DC3F3510}.Release|Mixed Platforms.Build.0 = Release|Any CPU
		{60993AA9-6C28-49EC-BB38-3CE5DC3F3510}.Release|x64.ActiveCfg = Release|Any CPU
		{60993AA9-6C28-49EC-BB38-3CE5DC3F3510}.Release|x86.ActiveCfg = Release|Any CPU
		{0AC23C6A-BBF1-4F8E-97AF-CEC7323FA925}.Ad-Hoc|Any CPU.ActiveCfg = Ad-Hoc|iPhone
		{0AC23C6A-BBF1-4F8E-97AF-CEC7323FA925}.Ad-Hoc|ARM.ActiveCfg = Ad-Hoc|iPhone
		{0AC23C6A-BBF1-4F8E-97AF-CEC7323FA925}.Ad-Hoc|iPhone.ActiveCfg = Ad-Hoc|iPhone
		{0AC23C6A-BBF1-4F8E-97AF-CEC7323FA925}.Ad-Hoc|iPhone.Build.0 = Ad-Hoc|iPhone
		{0AC23C6A-BBF1-4F8E-97AF-CEC7323FA925}.Ad-Hoc|iPhone.Deploy.0 = Ad-Hoc|iPhone
		{0AC23C6A-BBF1-4F8E-97AF-CEC7323FA925}.Ad-Hoc|iPhoneSimulator.ActiveCfg = Ad-Hoc|iPhoneSimulator
		{0AC23C6A-BBF1-4F8E-97AF-CEC7323FA925}.Ad-Hoc|iPhoneSimulator.Build.0 = Ad-Hoc|iPhoneSimulator
		{0AC23C6A-BBF1-4F8E-97AF-CEC7323FA925}.Ad-Hoc|iPhoneSimulator.Deploy.0 = Ad-Hoc|iPhoneSimulator
		{0AC23C6A-BBF1-4F8E-97AF-CEC7323FA925}.Ad-Hoc|Mixed Platforms.ActiveCfg = Ad-Hoc|iPhone
		{0AC23C6A-BBF1-4F8E-97AF-CEC7323FA925}.Ad-Hoc|Mixed Platforms.Build.0 = Ad-Hoc|iPhone
		{0AC23C6A-BBF1-4F8E-97AF-CEC7323FA925}.Ad-Hoc|Mixed Platforms.Deploy.0 = Ad-Hoc|iPhone
		{0AC23C6A-BBF1-4F8E-97AF-CEC7323FA925}.Ad-Hoc|x64.ActiveCfg = Ad-Hoc|iPhone
		{0AC23C6A-BBF1-4F8E-97AF-CEC7323FA925}.Ad-Hoc|x86.ActiveCfg = Ad-Hoc|iPhone
		{0AC23C6A-BBF1-4F8E-97AF-CEC7323FA925}.AppStore|Any CPU.ActiveCfg = AppStore|iPhone
		{0AC23C6A-BBF1-4F8E-97AF-CEC7323FA925}.AppStore|ARM.ActiveCfg = AppStore|iPhone
		{0AC23C6A-BBF1-4F8E-97AF-CEC7323FA925}.AppStore|iPhone.ActiveCfg = AppStore|iPhone
		{0AC23C6A-BBF1-4F8E-97AF-CEC7323FA925}.AppStore|iPhone.Build.0 = AppStore|iPhone
		{0AC23C6A-BBF1-4F8E-97AF-CEC7323FA925}.AppStore|iPhone.Deploy.0 = AppStore|iPhone
		{0AC23C6A-BBF1-4F8E-97AF-CEC7323FA925}.AppStore|iPhoneSimulator.ActiveCfg = AppStore|iPhoneSimulator
		{0AC23C6A-BBF1-4F8E-97AF-CEC7323FA925}.AppStore|iPhoneSimulator.Build.0 = AppStore|iPhoneSimulator
		{0AC23C6A-BBF1-4F8E-97AF-CEC7323FA925}.AppStore|iPhoneSimulator.Deploy.0 = AppStore|iPhoneSimulator
		{0AC23C6A-BBF1-4F8E-97AF-CEC7323FA925}.AppStore|Mixed Platforms.ActiveCfg = AppStore|iPhone
		{0AC23C6A-BBF1-4F8E-97AF-CEC7323FA925}.AppStore|Mixed Platforms.Build.0 = AppStore|iPhone
		{0AC23C6A-BBF1-4F8E-97AF-CEC7323FA925}.AppStore|Mixed Platforms.Deploy.0 = AppStore|iPhone
		{0AC23C6A-BBF1-4F8E-97AF-CEC7323FA925}.AppStore|x64.ActiveCfg = AppStore|iPhone
		{0AC23C6A-BBF1-4F8E-97AF-CEC7323FA925}.AppStore|x86.ActiveCfg = AppStore|iPhone
		{0AC23C6A-BBF1-4F8E-97AF-CEC7323FA925}.Debug|Any CPU.ActiveCfg = Debug|iPhone
		{0AC23C6A-BBF1-4F8E-97AF-CEC7323FA925}.Debug|ARM.ActiveCfg = Debug|iPhone
		{0AC23C6A-BBF1-4F8E-97AF-CEC7323FA925}.Debug|iPhone.ActiveCfg = Debug|iPhone
		{0AC23C6A-BBF1-4F8E-97AF-CEC7323FA925}.Debug|iPhone.Build.0 = Debug|iPhone
		{0AC23C6A-BBF1-4F8E-97AF-CEC7323FA925}.Debug|iPhone.Deploy.0 = Debug|iPhone
		{0AC23C6A-BBF1-4F8E-97AF-CEC7323FA925}.Debug|iPhoneSimulator.ActiveCfg = Debug|iPhoneSimulator
		{0AC23C6A-BBF1-4F8E-97AF-CEC7323FA925}.Debug|iPhoneSimulator.Build.0 = Debug|iPhoneSimulator
		{0AC23C6A-BBF1-4F8E-97AF-CEC7323FA925}.Debug|iPhoneSimulator.Deploy.0 = Debug|iPhoneSimulator
		{0AC23C6A-BBF1-4F8E-97AF-CEC7323FA925}.Debug|Mixed Platforms.ActiveCfg = Debug|iPhone
		{0AC23C6A-BBF1-4F8E-97AF-CEC7323FA925}.Debug|Mixed Platforms.Build.0 = Debug|iPhone
		{0AC23C6A-BBF1-4F8E-97AF-CEC7323FA925}.Debug|Mixed Platforms.Deploy.0 = Debug|iPhone
		{0AC23C6A-BBF1-4F8E-97AF-CEC7323FA925}.Debug|x64.ActiveCfg = Debug|iPhone
		{0AC23C6A-BBF1-4F8E-97AF-CEC7323FA925}.Debug|x86.ActiveCfg = Debug|iPhone
		{0AC23C6A-BBF1-4F8E-97AF-CEC7323FA925}.Release|Any CPU.ActiveCfg = Release|iPhone
		{0AC23C6A-BBF1-4F8E-97AF-CEC7323FA925}.Release|ARM.ActiveCfg = Release|iPhone
		{0AC23C6A-BBF1-4F8E-97AF-CEC7323FA925}.Release|iPhone.ActiveCfg = Release|iPhone
		{0AC23C6A-BBF1-4F8E-97AF-CEC7323FA925}.Release|iPhone.Build.0 = Release|iPhone
		{0AC23C6A-BBF1-4F8E-97AF-CEC7323FA925}.Release|iPhone.Deploy.0 = Release|iPhone
		{0AC23C6A-BBF1-4F8E-97AF-CEC7323FA925}.Release|iPhoneSimulator.ActiveCfg = Release|iPhoneSimulator
		{0AC23C6A-BBF1-4F8E-97AF-CEC7323FA925}.Release|iPhoneSimulator.Build.0 = Release|iPhoneSimulator
		{0AC23C6A-BBF1-4F8E-97AF-CEC7323FA925}.Release|iPhoneSimulator.Deploy.0 = Release|iPhoneSimulator
		{0AC23C6A-BBF1-4F8E-97AF-CEC7323FA925}.Release|Mixed Platforms.ActiveCfg = Release|iPhone
		{0AC23C6A-BBF1-4F8E-97AF-CEC7323FA925}.Release|Mixed Platforms.Build.0 = Release|iPhone
		{0AC23C6A-BBF1-4F8E-97AF-CEC7323FA925}.Release|Mixed Platforms.Deploy.0 = Release|iPhone
		{0AC23C6A-BBF1-4F8E-97AF-CEC7323FA925}.Release|x64.ActiveCfg = Release|iPhone
		{0AC23C6A-BBF1-4F8E-97AF-CEC7323FA925}.Release|x86.ActiveCfg = Release|iPhone
		{EB1CE06E-D6AB-4D0E-9CD4-E03729C6F60E}.Ad-Hoc|Any CPU.ActiveCfg = Release|Any CPU
		{EB1CE06E-D6AB-4D0E-9CD4-E03729C6F60E}.Ad-Hoc|Any CPU.Build.0 = Release|Any CPU
		{EB1CE06E-D6AB-4D0E-9CD4-E03729C6F60E}.Ad-Hoc|Any CPU.Deploy.0 = Release|Any CPU
		{EB1CE06E-D6AB-4D0E-9CD4-E03729C6F60E}.Ad-Hoc|ARM.ActiveCfg = Release|Any CPU
		{EB1CE06E-D6AB-4D0E-9CD4-E03729C6F60E}.Ad-Hoc|iPhone.ActiveCfg = Release|Any CPU
		{EB1CE06E-D6AB-4D0E-9CD4-E03729C6F60E}.Ad-Hoc|iPhoneSimulator.ActiveCfg = Release|Any CPU
		{EB1CE06E-D6AB-4D0E-9CD4-E03729C6F60E}.Ad-Hoc|Mixed Platforms.ActiveCfg = Release|Any CPU
		{EB1CE06E-D6AB-4D0E-9CD4-E03729C6F60E}.Ad-Hoc|Mixed Platforms.Build.0 = Release|Any CPU
		{EB1CE06E-D6AB-4D0E-9CD4-E03729C6F60E}.Ad-Hoc|Mixed Platforms.Deploy.0 = Release|Any CPU
		{EB1CE06E-D6AB-4D0E-9CD4-E03729C6F60E}.Ad-Hoc|x64.ActiveCfg = Release|Any CPU
		{EB1CE06E-D6AB-4D0E-9CD4-E03729C6F60E}.Ad-Hoc|x86.ActiveCfg = Release|Any CPU
		{EB1CE06E-D6AB-4D0E-9CD4-E03729C6F60E}.AppStore|Any CPU.ActiveCfg = Release|Any CPU
		{EB1CE06E-D6AB-4D0E-9CD4-E03729C6F60E}.AppStore|Any CPU.Build.0 = Release|Any CPU
		{EB1CE06E-D6AB-4D0E-9CD4-E03729C6F60E}.AppStore|Any CPU.Deploy.0 = Release|Any CPU
		{EB1CE06E-D6AB-4D0E-9CD4-E03729C6F60E}.AppStore|ARM.ActiveCfg = Release|Any CPU
		{EB1CE06E-D6AB-4D0E-9CD4-E03729C6F60E}.AppStore|iPhone.ActiveCfg = Release|Any CPU
		{EB1CE06E-D6AB-4D0E-9CD4-E03729C6F60E}.AppStore|iPhoneSimulator.ActiveCfg = Release|Any CPU
		{EB1CE06E-D6AB-4D0E-9CD4-E03729C6F60E}.AppStore|Mixed Platforms.ActiveCfg = Release|Any CPU
		{EB1CE06E-D6AB-4D0E-9CD4-E03729C6F60E}.AppStore|Mixed Platforms.Build.0 = Release|Any CPU
		{EB1CE06E-D6AB-4D0E-9CD4-E03729C6F60E}.AppStore|Mixed Platforms.Deploy.0 = Release|Any CPU
		{EB1CE06E-D6AB-4D0E-9CD4-E03729C6F60E}.AppStore|x64.ActiveCfg = Release|Any CPU
		{EB1CE06E-D6AB-4D0E-9CD4-E03729C6F60E}.AppStore|x86.ActiveCfg = Release|Any CPU
		{EB1CE06E-D6AB-4D0E-9CD4-E03729C6F60E}.Debug|Any CPU.ActiveCfg = Debug|Any CPU
		{EB1CE06E-D6AB-4D0E-9CD4-E03729C6F60E}.Debug|Any CPU.Build.0 = Debug|Any CPU
		{EB1CE06E-D6AB-4D0E-9CD4-E03729C6F60E}.Debug|Any CPU.Deploy.0 = Debug|Any CPU
		{EB1CE06E-D6AB-4D0E-9CD4-E03729C6F60E}.Debug|ARM.ActiveCfg = Debug|Any CPU
		{EB1CE06E-D6AB-4D0E-9CD4-E03729C6F60E}.Debug|iPhone.ActiveCfg = Debug|Any CPU
		{EB1CE06E-D6AB-4D0E-9CD4-E03729C6F60E}.Debug|iPhoneSimulator.ActiveCfg = Debug|Any CPU
		{EB1CE06E-D6AB-4D0E-9CD4-E03729C6F60E}.Debug|Mixed Platforms.ActiveCfg = Debug|Any CPU
		{EB1CE06E-D6AB-4D0E-9CD4-E03729C6F60E}.Debug|Mixed Platforms.Build.0 = Debug|Any CPU
		{EB1CE06E-D6AB-4D0E-9CD4-E03729C6F60E}.Debug|Mixed Platforms.Deploy.0 = Debug|Any CPU
		{EB1CE06E-D6AB-4D0E-9CD4-E03729C6F60E}.Debug|x64.ActiveCfg = Debug|Any CPU
		{EB1CE06E-D6AB-4D0E-9CD4-E03729C6F60E}.Debug|x86.ActiveCfg = Debug|Any CPU
		{EB1CE06E-D6AB-4D0E-9CD4-E03729C6F60E}.Release|Any CPU.ActiveCfg = Release|Any CPU
		{EB1CE06E-D6AB-4D0E-9CD4-E03729C6F60E}.Release|Any CPU.Build.0 = Release|Any CPU
		{EB1CE06E-D6AB-4D0E-9CD4-E03729C6F60E}.Release|Any CPU.Deploy.0 = Release|Any CPU
		{EB1CE06E-D6AB-4D0E-9CD4-E03729C6F60E}.Release|ARM.ActiveCfg = Release|Any CPU
		{EB1CE06E-D6AB-4D0E-9CD4-E03729C6F60E}.Release|iPhone.ActiveCfg = Release|Any CPU
		{EB1CE06E-D6AB-4D0E-9CD4-E03729C6F60E}.Release|iPhoneSimulator.ActiveCfg = Release|Any CPU
		{EB1CE06E-D6AB-4D0E-9CD4-E03729C6F60E}.Release|Mixed Platforms.ActiveCfg = Release|Any CPU
		{EB1CE06E-D6AB-4D0E-9CD4-E03729C6F60E}.Release|Mixed Platforms.Build.0 = Release|Any CPU
		{EB1CE06E-D6AB-4D0E-9CD4-E03729C6F60E}.Release|Mixed Platforms.Deploy.0 = Release|Any CPU
		{EB1CE06E-D6AB-4D0E-9CD4-E03729C6F60E}.Release|x64.ActiveCfg = Release|Any CPU
		{EB1CE06E-D6AB-4D0E-9CD4-E03729C6F60E}.Release|x86.ActiveCfg = Release|Any CPU
		{8CC521E9-92DA-4CED-9694-478EE59D7DC9}.Ad-Hoc|Any CPU.ActiveCfg = Release|Any CPU
		{8CC521E9-92DA-4CED-9694-478EE59D7DC9}.Ad-Hoc|Any CPU.Build.0 = Release|Any CPU
		{8CC521E9-92DA-4CED-9694-478EE59D7DC9}.Ad-Hoc|Any CPU.Deploy.0 = Release|Any CPU
		{8CC521E9-92DA-4CED-9694-478EE59D7DC9}.Ad-Hoc|ARM.ActiveCfg = Release|ARM
		{8CC521E9-92DA-4CED-9694-478EE59D7DC9}.Ad-Hoc|ARM.Build.0 = Release|ARM
		{8CC521E9-92DA-4CED-9694-478EE59D7DC9}.Ad-Hoc|ARM.Deploy.0 = Release|ARM
		{8CC521E9-92DA-4CED-9694-478EE59D7DC9}.Ad-Hoc|iPhone.ActiveCfg = Release|Any CPU
		{8CC521E9-92DA-4CED-9694-478EE59D7DC9}.Ad-Hoc|iPhoneSimulator.ActiveCfg = Release|Any CPU
		{8CC521E9-92DA-4CED-9694-478EE59D7DC9}.Ad-Hoc|Mixed Platforms.ActiveCfg = Release|x86
		{8CC521E9-92DA-4CED-9694-478EE59D7DC9}.Ad-Hoc|Mixed Platforms.Build.0 = Release|x86
		{8CC521E9-92DA-4CED-9694-478EE59D7DC9}.Ad-Hoc|Mixed Platforms.Deploy.0 = Release|x86
		{8CC521E9-92DA-4CED-9694-478EE59D7DC9}.Ad-Hoc|x64.ActiveCfg = Release|Any CPU
		{8CC521E9-92DA-4CED-9694-478EE59D7DC9}.Ad-Hoc|x86.ActiveCfg = Release|x86
		{8CC521E9-92DA-4CED-9694-478EE59D7DC9}.Ad-Hoc|x86.Build.0 = Release|x86
		{8CC521E9-92DA-4CED-9694-478EE59D7DC9}.Ad-Hoc|x86.Deploy.0 = Release|x86
		{8CC521E9-92DA-4CED-9694-478EE59D7DC9}.AppStore|Any CPU.ActiveCfg = Release|Any CPU
		{8CC521E9-92DA-4CED-9694-478EE59D7DC9}.AppStore|Any CPU.Build.0 = Release|Any CPU
		{8CC521E9-92DA-4CED-9694-478EE59D7DC9}.AppStore|Any CPU.Deploy.0 = Release|Any CPU
		{8CC521E9-92DA-4CED-9694-478EE59D7DC9}.AppStore|ARM.ActiveCfg = Release|ARM
		{8CC521E9-92DA-4CED-9694-478EE59D7DC9}.AppStore|ARM.Build.0 = Release|ARM
		{8CC521E9-92DA-4CED-9694-478EE59D7DC9}.AppStore|ARM.Deploy.0 = Release|ARM
		{8CC521E9-92DA-4CED-9694-478EE59D7DC9}.AppStore|iPhone.ActiveCfg = Release|Any CPU
		{8CC521E9-92DA-4CED-9694-478EE59D7DC9}.AppStore|iPhoneSimulator.ActiveCfg = Release|Any CPU
		{8CC521E9-92DA-4CED-9694-478EE59D7DC9}.AppStore|Mixed Platforms.ActiveCfg = Release|x86
		{8CC521E9-92DA-4CED-9694-478EE59D7DC9}.AppStore|Mixed Platforms.Build.0 = Release|x86
		{8CC521E9-92DA-4CED-9694-478EE59D7DC9}.AppStore|Mixed Platforms.Deploy.0 = Release|x86
		{8CC521E9-92DA-4CED-9694-478EE59D7DC9}.AppStore|x64.ActiveCfg = Release|Any CPU
		{8CC521E9-92DA-4CED-9694-478EE59D7DC9}.AppStore|x86.ActiveCfg = Release|x86
		{8CC521E9-92DA-4CED-9694-478EE59D7DC9}.AppStore|x86.Build.0 = Release|x86
		{8CC521E9-92DA-4CED-9694-478EE59D7DC9}.AppStore|x86.Deploy.0 = Release|x86
		{8CC521E9-92DA-4CED-9694-478EE59D7DC9}.Debug|Any CPU.ActiveCfg = Debug|Any CPU
		{8CC521E9-92DA-4CED-9694-478EE59D7DC9}.Debug|Any CPU.Build.0 = Debug|Any CPU
		{8CC521E9-92DA-4CED-9694-478EE59D7DC9}.Debug|Any CPU.Deploy.0 = Debug|Any CPU
		{8CC521E9-92DA-4CED-9694-478EE59D7DC9}.Debug|ARM.ActiveCfg = Debug|ARM
		{8CC521E9-92DA-4CED-9694-478EE59D7DC9}.Debug|ARM.Build.0 = Debug|ARM
		{8CC521E9-92DA-4CED-9694-478EE59D7DC9}.Debug|ARM.Deploy.0 = Debug|ARM
		{8CC521E9-92DA-4CED-9694-478EE59D7DC9}.Debug|iPhone.ActiveCfg = Debug|Any CPU
		{8CC521E9-92DA-4CED-9694-478EE59D7DC9}.Debug|iPhoneSimulator.ActiveCfg = Debug|Any CPU
		{8CC521E9-92DA-4CED-9694-478EE59D7DC9}.Debug|Mixed Platforms.ActiveCfg = Debug|x86
		{8CC521E9-92DA-4CED-9694-478EE59D7DC9}.Debug|Mixed Platforms.Build.0 = Debug|x86
		{8CC521E9-92DA-4CED-9694-478EE59D7DC9}.Debug|Mixed Platforms.Deploy.0 = Debug|x86
		{8CC521E9-92DA-4CED-9694-478EE59D7DC9}.Debug|x64.ActiveCfg = Debug|Any CPU
		{8CC521E9-92DA-4CED-9694-478EE59D7DC9}.Debug|x86.ActiveCfg = Debug|x86
		{8CC521E9-92DA-4CED-9694-478EE59D7DC9}.Debug|x86.Build.0 = Debug|x86
		{8CC521E9-92DA-4CED-9694-478EE59D7DC9}.Debug|x86.Deploy.0 = Debug|x86
		{8CC521E9-92DA-4CED-9694-478EE59D7DC9}.Release|Any CPU.ActiveCfg = Release|Any CPU
		{8CC521E9-92DA-4CED-9694-478EE59D7DC9}.Release|Any CPU.Build.0 = Release|Any CPU
		{8CC521E9-92DA-4CED-9694-478EE59D7DC9}.Release|Any CPU.Deploy.0 = Release|Any CPU
		{8CC521E9-92DA-4CED-9694-478EE59D7DC9}.Release|ARM.ActiveCfg = Release|ARM
		{8CC521E9-92DA-4CED-9694-478EE59D7DC9}.Release|ARM.Build.0 = Release|ARM
		{8CC521E9-92DA-4CED-9694-478EE59D7DC9}.Release|ARM.Deploy.0 = Release|ARM
		{8CC521E9-92DA-4CED-9694-478EE59D7DC9}.Release|iPhone.ActiveCfg = Release|Any CPU
		{8CC521E9-92DA-4CED-9694-478EE59D7DC9}.Release|iPhoneSimulator.ActiveCfg = Release|Any CPU
		{8CC521E9-92DA-4CED-9694-478EE59D7DC9}.Release|Mixed Platforms.ActiveCfg = Release|x86
		{8CC521E9-92DA-4CED-9694-478EE59D7DC9}.Release|Mixed Platforms.Build.0 = Release|x86
		{8CC521E9-92DA-4CED-9694-478EE59D7DC9}.Release|Mixed Platforms.Deploy.0 = Release|x86
		{8CC521E9-92DA-4CED-9694-478EE59D7DC9}.Release|x64.ActiveCfg = Release|Any CPU
		{8CC521E9-92DA-4CED-9694-478EE59D7DC9}.Release|x86.ActiveCfg = Release|x86
		{8CC521E9-92DA-4CED-9694-478EE59D7DC9}.Release|x86.Build.0 = Release|x86
		{8CC521E9-92DA-4CED-9694-478EE59D7DC9}.Release|x86.Deploy.0 = Release|x86
		{19B20FFB-8AE2-44BC-B5C4-62E245D868A3}.Ad-Hoc|Any CPU.ActiveCfg = Release|Any CPU
		{19B20FFB-8AE2-44BC-B5C4-62E245D868A3}.Ad-Hoc|Any CPU.Build.0 = Release|Any CPU
		{19B20FFB-8AE2-44BC-B5C4-62E245D868A3}.Ad-Hoc|Any CPU.Deploy.0 = Release|Any CPU
		{19B20FFB-8AE2-44BC-B5C4-62E245D868A3}.Ad-Hoc|ARM.ActiveCfg = Release|ARM
		{19B20FFB-8AE2-44BC-B5C4-62E245D868A3}.Ad-Hoc|ARM.Build.0 = Release|ARM
		{19B20FFB-8AE2-44BC-B5C4-62E245D868A3}.Ad-Hoc|ARM.Deploy.0 = Release|ARM
		{19B20FFB-8AE2-44BC-B5C4-62E245D868A3}.Ad-Hoc|iPhone.ActiveCfg = Release|Any CPU
		{19B20FFB-8AE2-44BC-B5C4-62E245D868A3}.Ad-Hoc|iPhoneSimulator.ActiveCfg = Release|Any CPU
		{19B20FFB-8AE2-44BC-B5C4-62E245D868A3}.Ad-Hoc|Mixed Platforms.ActiveCfg = Release|x86
		{19B20FFB-8AE2-44BC-B5C4-62E245D868A3}.Ad-Hoc|Mixed Platforms.Build.0 = Release|x86
		{19B20FFB-8AE2-44BC-B5C4-62E245D868A3}.Ad-Hoc|Mixed Platforms.Deploy.0 = Release|x86
		{19B20FFB-8AE2-44BC-B5C4-62E245D868A3}.Ad-Hoc|x64.ActiveCfg = Release|x64
		{19B20FFB-8AE2-44BC-B5C4-62E245D868A3}.Ad-Hoc|x64.Build.0 = Release|x64
		{19B20FFB-8AE2-44BC-B5C4-62E245D868A3}.Ad-Hoc|x64.Deploy.0 = Release|x64
		{19B20FFB-8AE2-44BC-B5C4-62E245D868A3}.Ad-Hoc|x86.ActiveCfg = Release|x86
		{19B20FFB-8AE2-44BC-B5C4-62E245D868A3}.Ad-Hoc|x86.Build.0 = Release|x86
		{19B20FFB-8AE2-44BC-B5C4-62E245D868A3}.Ad-Hoc|x86.Deploy.0 = Release|x86
		{19B20FFB-8AE2-44BC-B5C4-62E245D868A3}.AppStore|Any CPU.ActiveCfg = Release|Any CPU
		{19B20FFB-8AE2-44BC-B5C4-62E245D868A3}.AppStore|Any CPU.Build.0 = Release|Any CPU
		{19B20FFB-8AE2-44BC-B5C4-62E245D868A3}.AppStore|Any CPU.Deploy.0 = Release|Any CPU
		{19B20FFB-8AE2-44BC-B5C4-62E245D868A3}.AppStore|ARM.ActiveCfg = Release|ARM
		{19B20FFB-8AE2-44BC-B5C4-62E245D868A3}.AppStore|ARM.Build.0 = Release|ARM
		{19B20FFB-8AE2-44BC-B5C4-62E245D868A3}.AppStore|ARM.Deploy.0 = Release|ARM
		{19B20FFB-8AE2-44BC-B5C4-62E245D868A3}.AppStore|iPhone.ActiveCfg = Release|Any CPU
		{19B20FFB-8AE2-44BC-B5C4-62E245D868A3}.AppStore|iPhoneSimulator.ActiveCfg = Release|Any CPU
		{19B20FFB-8AE2-44BC-B5C4-62E245D868A3}.AppStore|Mixed Platforms.ActiveCfg = Release|x86
		{19B20FFB-8AE2-44BC-B5C4-62E245D868A3}.AppStore|Mixed Platforms.Build.0 = Release|x86
		{19B20FFB-8AE2-44BC-B5C4-62E245D868A3}.AppStore|Mixed Platforms.Deploy.0 = Release|x86
		{19B20FFB-8AE2-44BC-B5C4-62E245D868A3}.AppStore|x64.ActiveCfg = Release|x64
		{19B20FFB-8AE2-44BC-B5C4-62E245D868A3}.AppStore|x64.Build.0 = Release|x64
		{19B20FFB-8AE2-44BC-B5C4-62E245D868A3}.AppStore|x64.Deploy.0 = Release|x64
		{19B20FFB-8AE2-44BC-B5C4-62E245D868A3}.AppStore|x86.ActiveCfg = Release|x86
		{19B20FFB-8AE2-44BC-B5C4-62E245D868A3}.AppStore|x86.Build.0 = Release|x86
		{19B20FFB-8AE2-44BC-B5C4-62E245D868A3}.AppStore|x86.Deploy.0 = Release|x86
		{19B20FFB-8AE2-44BC-B5C4-62E245D868A3}.Debug|Any CPU.ActiveCfg = Debug|Any CPU
		{19B20FFB-8AE2-44BC-B5C4-62E245D868A3}.Debug|Any CPU.Build.0 = Debug|Any CPU
		{19B20FFB-8AE2-44BC-B5C4-62E245D868A3}.Debug|Any CPU.Deploy.0 = Debug|Any CPU
		{19B20FFB-8AE2-44BC-B5C4-62E245D868A3}.Debug|ARM.ActiveCfg = Debug|ARM
		{19B20FFB-8AE2-44BC-B5C4-62E245D868A3}.Debug|ARM.Build.0 = Debug|ARM
		{19B20FFB-8AE2-44BC-B5C4-62E245D868A3}.Debug|ARM.Deploy.0 = Debug|ARM
		{19B20FFB-8AE2-44BC-B5C4-62E245D868A3}.Debug|iPhone.ActiveCfg = Debug|Any CPU
		{19B20FFB-8AE2-44BC-B5C4-62E245D868A3}.Debug|iPhoneSimulator.ActiveCfg = Debug|Any CPU
		{19B20FFB-8AE2-44BC-B5C4-62E245D868A3}.Debug|Mixed Platforms.ActiveCfg = Debug|x86
		{19B20FFB-8AE2-44BC-B5C4-62E245D868A3}.Debug|Mixed Platforms.Build.0 = Debug|x86
		{19B20FFB-8AE2-44BC-B5C4-62E245D868A3}.Debug|Mixed Platforms.Deploy.0 = Debug|x86
		{19B20FFB-8AE2-44BC-B5C4-62E245D868A3}.Debug|x64.ActiveCfg = Debug|x64
		{19B20FFB-8AE2-44BC-B5C4-62E245D868A3}.Debug|x64.Build.0 = Debug|x64
		{19B20FFB-8AE2-44BC-B5C4-62E245D868A3}.Debug|x64.Deploy.0 = Debug|x64
		{19B20FFB-8AE2-44BC-B5C4-62E245D868A3}.Debug|x86.ActiveCfg = Debug|x86
		{19B20FFB-8AE2-44BC-B5C4-62E245D868A3}.Debug|x86.Build.0 = Debug|x86
		{19B20FFB-8AE2-44BC-B5C4-62E245D868A3}.Debug|x86.Deploy.0 = Debug|x86
		{19B20FFB-8AE2-44BC-B5C4-62E245D868A3}.Release|Any CPU.ActiveCfg = Release|Any CPU
		{19B20FFB-8AE2-44BC-B5C4-62E245D868A3}.Release|Any CPU.Build.0 = Release|Any CPU
		{19B20FFB-8AE2-44BC-B5C4-62E245D868A3}.Release|Any CPU.Deploy.0 = Release|Any CPU
		{19B20FFB-8AE2-44BC-B5C4-62E245D868A3}.Release|ARM.ActiveCfg = Release|ARM
		{19B20FFB-8AE2-44BC-B5C4-62E245D868A3}.Release|ARM.Build.0 = Release|ARM
		{19B20FFB-8AE2-44BC-B5C4-62E245D868A3}.Release|ARM.Deploy.0 = Release|ARM
		{19B20FFB-8AE2-44BC-B5C4-62E245D868A3}.Release|iPhone.ActiveCfg = Release|Any CPU
		{19B20FFB-8AE2-44BC-B5C4-62E245D868A3}.Release|iPhoneSimulator.ActiveCfg = Release|Any CPU
		{19B20FFB-8AE2-44BC-B5C4-62E245D868A3}.Release|Mixed Platforms.ActiveCfg = Release|x86
		{19B20FFB-8AE2-44BC-B5C4-62E245D868A3}.Release|Mixed Platforms.Build.0 = Release|x86
		{19B20FFB-8AE2-44BC-B5C4-62E245D868A3}.Release|Mixed Platforms.Deploy.0 = Release|x86
		{19B20FFB-8AE2-44BC-B5C4-62E245D868A3}.Release|x64.ActiveCfg = Release|x64
		{19B20FFB-8AE2-44BC-B5C4-62E245D868A3}.Release|x64.Build.0 = Release|x64
		{19B20FFB-8AE2-44BC-B5C4-62E245D868A3}.Release|x64.Deploy.0 = Release|x64
		{19B20FFB-8AE2-44BC-B5C4-62E245D868A3}.Release|x86.ActiveCfg = Release|x86
		{19B20FFB-8AE2-44BC-B5C4-62E245D868A3}.Release|x86.Build.0 = Release|x86
		{19B20FFB-8AE2-44BC-B5C4-62E245D868A3}.Release|x86.Deploy.0 = Release|x86
	EndGlobalSection
	GlobalSection(SolutionProperties) = preSolution
		HideSolutionNode = FALSE
	EndGlobalSection
EndGlobal
